
Microsoft Visual Studio Solution File, Format Version 12.00
# Visual Studio 15
VisualStudioVersion = 15.0.27004.2002
MinimumVisualStudioVersion = 10.0.40219.1
Project("{FAE04EC0-301F-11D3-BF4B-00C04F79EFBC}") = "ReadExcellSpreadSheet", "ReadExcellSpreadSheet\ReadExcellSpreadSheet.csproj", "{88C92BF1-90E4-446F-8898-65667A22A576}"
EndProject
Project("{FAE04EC0-301F-11D3-BF4B-00C04F79EFBC}") = "TestReadSpreadSheet", "TestReadSpreadSheet\TestReadSpreadSheet.csproj", "{2C34FC8E-954F-4420-9C96-AC58D322B7FA}"
EndProject
Global
	GlobalSection(SolutionConfigurationPlatforms) = preSolution
		Debug|Any CPU = Debug|Any CPU
		Release|Any CPU = Release|Any CPU
	EndGlobalSection
	GlobalSection(ProjectConfigurationPlatforms) = postSolution
		{88C92BF1-90E4-446F-8898-65667A22A576}.Debug|Any CPU.ActiveCfg = Debug|Any CPU
		{88C92BF1-90E4-446F-8898-65667A22A576}.Debug|Any CPU.Build.0 = Debug|Any CPU
		{88C92BF1-90E4-446F-8898-65667A22A576}.Release|Any CPU.ActiveCfg = Release|Any CPU
		{88C92BF1-90E4-446F-8898-65667A22A576}.Release|Any CPU.Build.0 = Release|Any CPU
		{2C34FC8E-954F-4420-9C96-AC58D322B7FA}.Debug|Any CPU.ActiveCfg = Debug|Any CPU
		{2C34FC8E-954F-4420-9C96-AC58D322B7FA}.Debug|Any CPU.Build.0 = Debug|Any CPU
		{2C34FC8E-954F-4420-9C96-AC58D322B7FA}.Release|Any CPU.ActiveCfg = Release|Any CPU
		{2C34FC8E-954F-4420-9C96-AC58D322B7FA}.Release|Any CPU.Build.0 = Release|Any CPU
	EndGlobalSection
	GlobalSection(SolutionProperties) = preSolution
		HideSolutionNode = FALSE
	EndGlobalSection
	GlobalSection(ExtensibilityGlobals) = postSolution
		SolutionGuid = {E4FF7E3D-D5D9-4D08-B97F-73E286271C9C}
	EndGlobalSection
EndGlobal
