
Microsoft Visual Studio Solution File, Format Version 12.00
# Visual Studio 15
VisualStudioVersion = 15.0.27004.2002
MinimumVisualStudioVersion = 10.0.40219.1
Project("{FAE04EC0-301F-11D3-BF4B-00C04F79EFBC}") = "SWRPG", "SWRPG\SWRPG.csproj", "{B994A761-FAD1-43CB-96BA-5EAE78EE3EF3}"
EndProject
Project("{FAE04EC0-301F-11D3-BF4B-00C04F79EFBC}") = "SWRPG.Buisness", "ItemsAndEquipment\SWRPG.Buisness.csproj", "{81A29578-3B13-435E-86F0-B7E3C85E1EF9}"
EndProject
Project("{FAE04EC0-301F-11D3-BF4B-00C04F79EFBC}") = "Dice", "Dice\Dice.csproj", "{8D1AA1A7-A95C-4DF6-91A0-CBF5A3B5792B}"
EndProject
Project("{2150E333-8FDC-42A3-9474-1A3956D46DE8}") = "Tests", "Tests", "{536FF7D7-C1D5-418A-A2B1-3E443B5E3DA3}"
EndProject
Project("{FAE04EC0-301F-11D3-BF4B-00C04F79EFBC}") = "DiceTest", "DiceTest\DiceTest.csproj", "{F1A291FF-F4EB-4EC3-8F60-4DF1B6081589}"
EndProject
Project("{FAE04EC0-301F-11D3-BF4B-00C04F79EFBC}") = "SWRPGBusinessUnitTest", "SWRPGBusinessUnitTest\SWRPGBusinessUnitTest.csproj", "{E31692E3-AD04-476A-BA3E-28B44B30CBAD}"
EndProject
Global
	GlobalSection(SolutionConfigurationPlatforms) = preSolution
		Debug|Any CPU = Debug|Any CPU
		Release|Any CPU = Release|Any CPU
	EndGlobalSection
	GlobalSection(ProjectConfigurationPlatforms) = postSolution
		{B994A761-FAD1-43CB-96BA-5EAE78EE3EF3}.Debug|Any CPU.ActiveCfg = Debug|Any CPU
		{B994A761-FAD1-43CB-96BA-5EAE78EE3EF3}.Debug|Any CPU.Build.0 = Debug|Any CPU
		{B994A761-FAD1-43CB-96BA-5EAE78EE3EF3}.Release|Any CPU.ActiveCfg = Release|Any CPU
		{B994A761-FAD1-43CB-96BA-5EAE78EE3EF3}.Release|Any CPU.Build.0 = Release|Any CPU
		{81A29578-3B13-435E-86F0-B7E3C85E1EF9}.Debug|Any CPU.ActiveCfg = Debug|Any CPU
		{81A29578-3B13-435E-86F0-B7E3C85E1EF9}.Debug|Any CPU.Build.0 = Debug|Any CPU
		{81A29578-3B13-435E-86F0-B7E3C85E1EF9}.Release|Any CPU.ActiveCfg = Release|Any CPU
		{81A29578-3B13-435E-86F0-B7E3C85E1EF9}.Release|Any CPU.Build.0 = Release|Any CPU
		{8D1AA1A7-A95C-4DF6-91A0-CBF5A3B5792B}.Debug|Any CPU.ActiveCfg = Debug|Any CPU
		{8D1AA1A7-A95C-4DF6-91A0-CBF5A3B5792B}.Debug|Any CPU.Build.0 = Debug|Any CPU
		{8D1AA1A7-A95C-4DF6-91A0-CBF5A3B5792B}.Release|Any CPU.ActiveCfg = Release|Any CPU
		{8D1AA1A7-A95C-4DF6-91A0-CBF5A3B5792B}.Release|Any CPU.Build.0 = Release|Any CPU
		{F1A291FF-F4EB-4EC3-8F60-4DF1B6081589}.Debug|Any CPU.ActiveCfg = Debug|Any CPU
		{F1A291FF-F4EB-4EC3-8F60-4DF1B6081589}.Debug|Any CPU.Build.0 = Debug|Any CPU
		{F1A291FF-F4EB-4EC3-8F60-4DF1B6081589}.Release|Any CPU.ActiveCfg = Release|Any CPU
		{F1A291FF-F4EB-4EC3-8F60-4DF1B6081589}.Release|Any CPU.Build.0 = Release|Any CPU
		{E31692E3-AD04-476A-BA3E-28B44B30CBAD}.Debug|Any CPU.ActiveCfg = Debug|Any CPU
		{E31692E3-AD04-476A-BA3E-28B44B30CBAD}.Debug|Any CPU.Build.0 = Debug|Any CPU
		{E31692E3-AD04-476A-BA3E-28B44B30CBAD}.Release|Any CPU.ActiveCfg = Release|Any CPU
		{E31692E3-AD04-476A-BA3E-28B44B30CBAD}.Release|Any CPU.Build.0 = Release|Any CPU
	EndGlobalSection
	GlobalSection(SolutionProperties) = preSolution
		HideSolutionNode = FALSE
	EndGlobalSection
	GlobalSection(NestedProjects) = preSolution
		{F1A291FF-F4EB-4EC3-8F60-4DF1B6081589} = {536FF7D7-C1D5-418A-A2B1-3E443B5E3DA3}
		{E31692E3-AD04-476A-BA3E-28B44B30CBAD} = {536FF7D7-C1D5-418A-A2B1-3E443B5E3DA3}
	EndGlobalSection
	GlobalSection(ExtensibilityGlobals) = postSolution
		SolutionGuid = {3043F5FD-9718-4C57-AC58-D3C6C8983545}
	EndGlobalSection
EndGlobal
